// !$*UTF8*$!
{
	archiveVersion = 1;
	classes = {
	};
	objectVersion = 56;
	objects = {

/* Begin PBXBuildFile section */
		BB05468629171D5900B1C64E /* AppDelegate.swift in Sources */ = {isa = PBXBuildFile; fileRef = BB05468529171D5900B1C64E /* AppDelegate.swift */; };
		BB05468829171D5900B1C64E /* SceneDelegate.swift in Sources */ = {isa = PBXBuildFile; fileRef = BB05468729171D5900B1C64E /* SceneDelegate.swift */; };
		BB05468A29171D5900B1C64E /* ViewController.swift in Sources */ = {isa = PBXBuildFile; fileRef = BB05468929171D5900B1C64E /* ViewController.swift */; };
		BB05468D29171D5900B1C64E /* Main.storyboard in Resources */ = {isa = PBXBuildFile; fileRef = BB05468B29171D5900B1C64E /* Main.storyboard */; };
		BB05468F29171D5A00B1C64E /* Assets.xcassets in Resources */ = {isa = PBXBuildFile; fileRef = BB05468E29171D5A00B1C64E /* Assets.xcassets */; };
		BB05469229171D5A00B1C64E /* LaunchScreen.storyboard in Resources */ = {isa = PBXBuildFile; fileRef = BB05469029171D5A00B1C64E /* LaunchScreen.storyboard */; };
		BB05469D29171D5A00B1C64E /* MeteoTests.swift in Sources */ = {isa = PBXBuildFile; fileRef = BB05469C29171D5A00B1C64E /* MeteoTests.swift */; };
		BB0546A729171D5A00B1C64E /* MeteoUITests.swift in Sources */ = {isa = PBXBuildFile; fileRef = BB0546A629171D5A00B1C64E /* MeteoUITests.swift */; };
		BB0546A929171D5A00B1C64E /* MeteoUITestsLaunchTests.swift in Sources */ = {isa = PBXBuildFile; fileRef = BB0546A829171D5A00B1C64E /* MeteoUITestsLaunchTests.swift */; };
/* End PBXBuildFile section */

/* Begin PBXContainerItemProxy section */
		BB05469929171D5A00B1C64E /* PBXContainerItemProxy */ = {
			isa = PBXContainerItemProxy;
			containerPortal = BB05467A29171D5900B1C64E /* Project object */;
			proxyType = 1;
			remoteGlobalIDString = BB05468129171D5900B1C64E;
			remoteInfo = Meteo;
		};
		BB0546A329171D5A00B1C64E /* PBXContainerItemProxy */ = {
			isa = PBXContainerItemProxy;
			containerPortal = BB05467A29171D5900B1C64E /* Project object */;
			proxyType = 1;
			remoteGlobalIDString = BB05468129171D5900B1C64E;
			remoteInfo = Meteo;
		};
/* End PBXContainerItemProxy section */

/* Begin PBXFileReference section */
		BB05468229171D5900B1C64E /* Meteo.app */ = {isa = PBXFileReference; explicitFileType = wrapper.application; includeInIndex = 0; path = Meteo.app; sourceTree = BUILT_PRODUCTS_DIR; };
		BB05468529171D5900B1C64E /* AppDelegate.swift */ = {isa = PBXFileReference; lastKnownFileType = sourcecode.swift; path = AppDelegate.swift; sourceTree = "<group>"; };
		BB05468729171D5900B1C64E /* SceneDelegate.swift */ = {isa = PBXFileReference; lastKnownFileType = sourcecode.swift; path = SceneDelegate.swift; sourceTree = "<group>"; };
		BB05468929171D5900B1C64E /* ViewController.swift */ = {isa = PBXFileReference; lastKnownFileType = sourcecode.swift; path = ViewController.swift; sourceTree = "<group>"; };
		BB05468C29171D5900B1C64E /* Base */ = {isa = PBXFileReference; lastKnownFileType = file.storyboard; name = Base; path = Base.lproj/Main.storyboard; sourceTree = "<group>"; };
		BB05468E29171D5A00B1C64E /* Assets.xcassets */ = {isa = PBXFileReference; lastKnownFileType = folder.assetcatalog; path = Assets.xcassets; sourceTree = "<group>"; };
		BB05469129171D5A00B1C64E /* Base */ = {isa = PBXFileReference; lastKnownFileType = file.storyboard; name = Base; path = Base.lproj/LaunchScreen.storyboard; sourceTree = "<group>"; };
		BB05469329171D5A00B1C64E /* Info.plist */ = {isa = PBXFileReference; lastKnownFileType = text.plist.xml; path = Info.plist; sourceTree = "<group>"; };
		BB05469829171D5A00B1C64E /* MeteoTests.xctest */ = {isa = PBXFileReference; explicitFileType = wrapper.cfbundle; includeInIndex = 0; path = MeteoTests.xctest; sourceTree = BUILT_PRODUCTS_DIR; };
		BB05469C29171D5A00B1C64E /* MeteoTests.swift */ = {isa = PBXFileReference; lastKnownFileType = sourcecode.swift; path = MeteoTests.swift; sourceTree = "<group>"; };
		BB0546A229171D5A00B1C64E /* MeteoUITests.xctest */ = {isa = PBXFileReference; explicitFileType = wrapper.cfbundle; includeInIndex = 0; path = MeteoUITests.xctest; sourceTree = BUILT_PRODUCTS_DIR; };
		BB0546A629171D5A00B1C64E /* MeteoUITests.swift */ = {isa = PBXFileReference; lastKnownFileType = sourcecode.swift; path = MeteoUITests.swift; sourceTree = "<group>"; };
		BB0546A829171D5A00B1C64E /* MeteoUITestsLaunchTests.swift */ = {isa = PBXFileReference; lastKnownFileType = sourcecode.swift; path = MeteoUITestsLaunchTests.swift; sourceTree = "<group>"; };
/* End PBXFileReference section */

/* Begin PBXFrameworksBuildPhase section */
		BB05467F29171D5900B1C64E /* Frameworks */ = {
			isa = PBXFrameworksBuildPhase;
			buildActionMask = 2147483647;
			files = (
			);
			runOnlyForDeploymentPostprocessing = 0;
		};
		BB05469529171D5A00B1C64E /* Frameworks */ = {
			isa = PBXFrameworksBuildPhase;
			buildActionMask = 2147483647;
			files = (
			);
			runOnlyForDeploymentPostprocessing = 0;
		};
		BB05469F29171D5A00B1C64E /* Frameworks */ = {
			isa = PBXFrameworksBuildPhase;
			buildActionMask = 2147483647;
			files = (
			);
			runOnlyForDeploymentPostprocessing = 0;
		};
/* End PBXFrameworksBuildPhase section */

/* Begin PBXGroup section */
		BB05467929171D5900B1C64E = {
			isa = PBXGroup;
			children = (
				BB05468429171D5900B1C64E /* Meteo */,
				BB05469B29171D5A00B1C64E /* MeteoTests */,
				BB0546A529171D5A00B1C64E /* MeteoUITests */,
				BB05468329171D5900B1C64E /* Products */,
			);
			sourceTree = "<group>";
		};
		BB05468329171D5900B1C64E /* Products */ = {
			isa = PBXGroup;
			children = (
				BB05468229171D5900B1C64E /* Meteo.app */,
				BB05469829171D5A00B1C64E /* MeteoTests.xctest */,
				BB0546A229171D5A00B1C64E /* MeteoUITests.xctest */,
			);
			name = Products;
			sourceTree = "<group>";
		};
		BB05468429171D5900B1C64E /* Meteo */ = {
			isa = PBXGroup;
			children = (
				BB05468529171D5900B1C64E /* AppDelegate.swift */,
				BB05468729171D5900B1C64E /* SceneDelegate.swift */,
				BB05468929171D5900B1C64E /* ViewController.swift */,
				BB05468B29171D5900B1C64E /* Main.storyboard */,
				BB05468E29171D5A00B1C64E /* Assets.xcassets */,
				BB05469029171D5A00B1C64E /* LaunchScreen.storyboard */,
				BB05469329171D5A00B1C64E /* Info.plist */,
			);
			path = Meteo;
			sourceTree = "<group>";
		};
		BB05469B29171D5A00B1C64E /* MeteoTests */ = {
			isa = PBXGroup;
			children = (
				BB05469C29171D5A00B1C64E /* MeteoTests.swift */,
			);
			path = MeteoTests;
			sourceTree = "<group>";
		};
		BB0546A529171D5A00B1C64E /* MeteoUITests */ = {
			isa = PBXGroup;
			children = (
				BB0546A629171D5A00B1C64E /* MeteoUITests.swift */,
				BB0546A829171D5A00B1C64E /* MeteoUITestsLaunchTests.swift */,
			);
			path = MeteoUITests;
			sourceTree = "<group>";
		};
/* End PBXGroup section */

/* Begin PBXNativeTarget section */
		BB05468129171D5900B1C64E /* Meteo */ = {
			isa = PBXNativeTarget;
			buildConfigurationList = BB0546AC29171D5A00B1C64E /* Build configuration list for PBXNativeTarget "Meteo" */;
			buildPhases = (
				BB05467E29171D5900B1C64E /* Sources */,
				BB05467F29171D5900B1C64E /* Frameworks */,
				BB05468029171D5900B1C64E /* Resources */,
			);
			buildRules = (
			);
			dependencies = (
			);
			name = Meteo;
			productName = Meteo;
			productReference = BB05468229171D5900B1C64E /* Meteo.app */;
			productType = "com.apple.product-type.application";
		};
		BB05469729171D5A00B1C64E /* MeteoTests */ = {
			isa = PBXNativeTarget;
			buildConfigurationList = BB0546AF29171D5A00B1C64E /* Build configuration list for PBXNativeTarget "MeteoTests" */;
			buildPhases = (
				BB05469429171D5A00B1C64E /* Sources */,
				BB05469529171D5A00B1C64E /* Frameworks */,
				BB05469629171D5A00B1C64E /* Resources */,
			);
			buildRules = (
			);
			dependencies = (
				BB05469A29171D5A00B1C64E /* PBXTargetDependency */,
			);
			name = MeteoTests;
			productName = MeteoTests;
			productReference = BB05469829171D5A00B1C64E /* MeteoTests.xctest */;
			productType = "com.apple.product-type.bundle.unit-test";
		};
		BB0546A129171D5A00B1C64E /* MeteoUITests */ = {
			isa = PBXNativeTarget;
			buildConfigurationList = BB0546B229171D5A00B1C64E /* Build configuration list for PBXNativeTarget "MeteoUITests" */;
			buildPhases = (
				BB05469E29171D5A00B1C64E /* Sources */,
				BB05469F29171D5A00B1C64E /* Frameworks */,
				BB0546A029171D5A00B1C64E /* Resources */,
			);
			buildRules = (
			);
			dependencies = (
				BB0546A429171D5A00B1C64E /* PBXTargetDependency */,
			);
			name = MeteoUITests;
			productName = MeteoUITests;
			productReference = BB0546A229171D5A00B1C64E /* MeteoUITests.xctest */;
			productType = "com.apple.product-type.bundle.ui-testing";
		};
/* End PBXNativeTarget section */

/* Begin PBXProject section */
		BB05467A29171D5900B1C64E /* Project object */ = {
			isa = PBXProject;
			attributes = {
				BuildIndependentTargetsInParallel = 1;
				LastSwiftUpdateCheck = 1400;
				LastUpgradeCheck = 1400;
				TargetAttributes = {
					BB05468129171D5900B1C64E = {
						CreatedOnToolsVersion = 14.0.1;
					};
					BB05469729171D5A00B1C64E = {
						CreatedOnToolsVersion = 14.0.1;
						TestTargetID = BB05468129171D5900B1C64E;
					};
					BB0546A129171D5A00B1C64E = {
						CreatedOnToolsVersion = 14.0.1;
						TestTargetID = BB05468129171D5900B1C64E;
					};
				};
			};
			buildConfigurationList = BB05467D29171D5900B1C64E /* Build configuration list for PBXProject "Meteo" */;
			compatibilityVersion = "Xcode 14.0";
			developmentRegion = en;
			hasScannedForEncodings = 0;
			knownRegions = (
				en,
				Base,
			);
			mainGroup = BB05467929171D5900B1C64E;
			productRefGroup = BB05468329171D5900B1C64E /* Products */;
			projectDirPath = "";
			projectRoot = "";
			targets = (
				BB05468129171D5900B1C64E /* Meteo */,
				BB05469729171D5A00B1C64E /* MeteoTests */,
				BB0546A129171D5A00B1C64E /* MeteoUITests */,
			);
		};
/* End PBXProject section */

/* Begin PBXResourcesBuildPhase section */
		BB05468029171D5900B1C64E /* Resources */ = {
			isa = PBXResourcesBuildPhase;
			buildActionMask = 2147483647;
			files = (
				BB05469229171D5A00B1C64E /* LaunchScreen.storyboard in Resources */,
				BB05468F29171D5A00B1C64E /* Assets.xcassets in Resources */,
				BB05468D29171D5900B1C64E /* Main.storyboard in Resources */,
			);
			runOnlyForDeploymentPostprocessing = 0;
		};
		BB05469629171D5A00B1C64E /* Resources */ = {
			isa = PBXResourcesBuildPhase;
			buildActionMask = 2147483647;
			files = (
			);
			runOnlyForDeploymentPostprocessing = 0;
		};
		BB0546A029171D5A00B1C64E /* Resources */ = {
			isa = PBXResourcesBuildPhase;
			buildActionMask = 2147483647;
			files = (
			);
			runOnlyForDeploymentPostprocessing = 0;
		};
/* End PBXResourcesBuildPhase section */

/* Begin PBXSourcesBuildPhase section */
		BB05467E29171D5900B1C64E /* Sources */ = {
			isa = PBXSourcesBuildPhase;
			buildActionMask = 2147483647;
			files = (
				BB05468A29171D5900B1C64E /* ViewController.swift in Sources */,
				BB05468629171D5900B1C64E /* AppDelegate.swift in Sources */,
				BB05468829171D5900B1C64E /* SceneDelegate.swift in Sources */,
			);
			runOnlyForDeploymentPostprocessing = 0;
		};
		BB05469429171D5A00B1C64E /* Sources */ = {
			isa = PBXSourcesBuildPhase;
			buildActionMask = 2147483647;
			files = (
				BB05469D29171D5A00B1C64E /* MeteoTests.swift in Sources */,
			);
			runOnlyForDeploymentPostprocessing = 0;
		};
		BB05469E29171D5A00B1C64E /* Sources */ = {
			isa = PBXSourcesBuildPhase;
			buildActionMask = 2147483647;
			files = (
				BB0546A729171D5A00B1C64E /* MeteoUITests.swift in Sources */,
				BB0546A929171D5A00B1C64E /* MeteoUITestsLaunchTests.swift in Sources */,
			);
			runOnlyForDeploymentPostprocessing = 0;
		};
/* End PBXSourcesBuildPhase section */

/* Begin PBXTargetDependency section */
		BB05469A29171D5A00B1C64E /* PBXTargetDependency */ = {
			isa = PBXTargetDependency;
			target = BB05468129171D5900B1C64E /* Meteo */;
			targetProxy = BB05469929171D5A00B1C64E /* PBXContainerItemProxy */;
		};
		BB0546A429171D5A00B1C64E /* PBXTargetDependency */ = {
			isa = PBXTargetDependency;
			target = BB05468129171D5900B1C64E /* Meteo */;
			targetProxy = BB0546A329171D5A00B1C64E /* PBXContainerItemProxy */;
		};
/* End PBXTargetDependency section */

/* Begin PBXVariantGroup section */
		BB05468B29171D5900B1C64E /* Main.storyboard */ = {
			isa = PBXVariantGroup;
			children = (
				BB05468C29171D5900B1C64E /* Base */,
			);
			name = Main.storyboard;
			sourceTree = "<group>";
		};
		BB05469029171D5A00B1C64E /* LaunchScreen.storyboard */ = {
			isa = PBXVariantGroup;
			children = (
				BB05469129171D5A00B1C64E /* Base */,
			);
			name = LaunchScreen.storyboard;
			sourceTree = "<group>";
		};
/* End PBXVariantGroup section */

/* Begin XCBuildConfiguration section */
		BB0546AA29171D5A00B1C64E /* Debug */ = {
			isa = XCBuildConfiguration;
			buildSettings = {
				ALWAYS_SEARCH_USER_PATHS = NO;
				CLANG_ANALYZER_NONNULL = YES;
				CLANG_ANALYZER_NUMBER_OBJECT_CONVERSION = YES_AGGRESSIVE;
				CLANG_CXX_LANGUAGE_STANDARD = "gnu++20";
				CLANG_ENABLE_MODULES = YES;
				CLANG_ENABLE_OBJC_ARC = YES;
				CLANG_ENABLE_OBJC_WEAK = YES;
				CLANG_WARN_BLOCK_CAPTURE_AUTORELEASING = YES;
				CLANG_WARN_BOOL_CONVERSION = YES;
				CLANG_WARN_COMMA = YES;
				CLANG_WARN_CONSTANT_CONVERSION = YES;
				CLANG_WARN_DEPRECATED_OBJC_IMPLEMENTATIONS = YES;
				CLANG_WARN_DIRECT_OBJC_ISA_USAGE = YES_ERROR;
				CLANG_WARN_DOCUMENTATION_COMMENTS = YES;
				CLANG_WARN_EMPTY_BODY = YES;
				CLANG_WARN_ENUM_CONVERSION = YES;
				CLANG_WARN_INFINITE_RECURSION = YES;
				CLANG_WARN_INT_CONVERSION = YES;
				CLANG_WARN_NON_LITERAL_NULL_CONVERSION = YES;
				CLANG_WARN_OBJC_IMPLICIT_RETAIN_SELF = YES;
				CLANG_WARN_OBJC_LITERAL_CONVERSION = YES;
				CLANG_WARN_OBJC_ROOT_CLASS = YES_ERROR;
				CLANG_WARN_QUOTED_INCLUDE_IN_FRAMEWORK_HEADER = YES;
				CLANG_WARN_RANGE_LOOP_ANALYSIS = YES;
				CLANG_WARN_STRICT_PROTOTYPES = YES;
				CLANG_WARN_SUSPICIOUS_MOVE = YES;
				CLANG_WARN_UNGUARDED_AVAILABILITY = YES_AGGRESSIVE;
				CLANG_WARN_UNREACHABLE_CODE = YES;
				CLANG_WARN__DUPLICATE_METHOD_MATCH = YES;
				COPY_PHASE_STRIP = NO;
				DEBUG_INFORMATION_FORMAT = dwarf;
				ENABLE_STRICT_OBJC_MSGSEND = YES;
				ENABLE_TESTABILITY = YES;
				GCC_C_LANGUAGE_STANDARD = gnu11;
				GCC_DYNAMIC_NO_PIC = NO;
				GCC_NO_COMMON_BLOCKS = YES;
				GCC_OPTIMIZATION_LEVEL = 0;
				GCC_PREPROCESSOR_DEFINITIONS = (
					"DEBUG=1",
					"$(inherited)",
				);
				GCC_WARN_64_TO_32_BIT_CONVERSION = YES;
				GCC_WARN_ABOUT_RETURN_TYPE = YES_ERROR;
				GCC_WARN_UNDECLARED_SELECTOR = YES;
				GCC_WARN_UNINITIALIZED_AUTOS = YES_AGGRESSIVE;
				GCC_WARN_UNUSED_FUNCTION = YES;
				GCC_WARN_UNUSED_VARIABLE = YES;
				IPHONEOS_DEPLOYMENT_TARGET = 16.0;
				MTL_ENABLE_DEBUG_INFO = INCLUDE_SOURCE;
				MTL_FAST_MATH = YES;
				ONLY_ACTIVE_ARCH = YES;
				SDKROOT = iphoneos;
				SWIFT_ACTIVE_COMPILATION_CONDITIONS = DEBUG;
				SWIFT_OPTIMIZATION_LEVEL = "-Onone";
			};
			name = Debug;
		};
		BB0546AB29171D5A00B1C64E /* Release */ = {
			isa = XCBuildConfiguration;
			buildSettings = {
				ALWAYS_SEARCH_USER_PATHS = NO;
				CLANG_ANALYZER_NONNULL = YES;
				CLANG_ANALYZER_NUMBER_OBJECT_CONVERSION = YES_AGGRESSIVE;
				CLANG_CXX_LANGUAGE_STANDARD = "gnu++20";
				CLANG_ENABLE_MODULES = YES;
				CLANG_ENABLE_OBJC_ARC = YES;
				CLANG_ENABLE_OBJC_WEAK = YES;
				CLANG_WARN_BLOCK_CAPTURE_AUTORELEASING = YES;
				CLANG_WARN_BOOL_CONVERSION = YES;
				CLANG_WARN_COMMA = YES;
				CLANG_WARN_CONSTANT_CONVERSION = YES;
				CLANG_WARN_DEPRECATED_OBJC_IMPLEMENTATIONS = YES;
				CLANG_WARN_DIRECT_OBJC_ISA_USAGE = YES_ERROR;
				CLANG_WARN_DOCUMENTATION_COMMENTS = YES;
				CLANG_WARN_EMPTY_BODY = YES;
				CLANG_WARN_ENUM_CONVERSION = YES;
				CLANG_WARN_INFINITE_RECURSION = YES;
				CLANG_WARN_INT_CONVERSION = YES;
				CLANG_WARN_NON_LITERAL_NULL_CONVERSION = YES;
				CLANG_WARN_OBJC_IMPLICIT_RETAIN_SELF = YES;
				CLANG_WARN_OBJC_LITERAL_CONVERSION = YES;
				CLANG_WARN_OBJC_ROOT_CLASS = YES_ERROR;
				CLANG_WARN_QUOTED_INCLUDE_IN_FRAMEWORK_HEADER = YES;
				CLANG_WARN_RANGE_LOOP_ANALYSIS = YES;
				CLANG_WARN_STRICT_PROTOTYPES = YES;
				CLANG_WARN_SUSPICIOUS_MOVE = YES;
				CLANG_WARN_UNGUARDED_AVAILABILITY = YES_AGGRESSIVE;
				CLANG_WARN_UNREACHABLE_CODE = YES;
				CLANG_WARN__DUPLICATE_METHOD_MATCH = YES;
				COPY_PHASE_STRIP = NO;
				DEBUG_INFORMATION_FORMAT = "dwarf-with-dsym";
				ENABLE_NS_ASSERTIONS = NO;
				ENABLE_STRICT_OBJC_MSGSEND = YES;
				GCC_C_LANGUAGE_STANDARD = gnu11;
				GCC_NO_COMMON_BLOCKS = YES;
				GCC_WARN_64_TO_32_BIT_CONVERSION = YES;
				GCC_WARN_ABOUT_RETURN_TYPE = YES_ERROR;
				GCC_WARN_UNDECLARED_SELECTOR = YES;
				GCC_WARN_UNINITIALIZED_AUTOS = YES_AGGRESSIVE;
				GCC_WARN_UNUSED_FUNCTION = YES;
				GCC_WARN_UNUSED_VARIABLE = YES;
				IPHONEOS_DEPLOYMENT_TARGET = 16.0;
				MTL_ENABLE_DEBUG_INFO = NO;
				MTL_FAST_MATH = YES;
				SDKROOT = iphoneos;
				SWIFT_COMPILATION_MODE = wholemodule;
				SWIFT_OPTIMIZATION_LEVEL = "-O";
				VALIDATE_PRODUCT = YES;
			};
			name = Release;
		};
		BB0546AD29171D5A00B1C64E /* Debug */ = {
			isa = XCBuildConfiguration;
			buildSettings = {
				ASSETCATALOG_COMPILER_APPICON_NAME = AppIcon;
				ASSETCATALOG_COMPILER_GLOBAL_ACCENT_COLOR_NAME = AccentColor;
				CODE_SIGN_STYLE = Automatic;
				CURRENT_PROJECT_VERSION = 1;
				DEVELOPMENT_TEAM = 8VVPRBT472;
				GENERATE_INFOPLIST_FILE = YES;
				INFOPLIST_FILE = Meteo/Info.plist;
				INFOPLIST_KEY_UIApplicationSupportsIndirectInputEvents = YES;
				INFOPLIST_KEY_UILaunchStoryboardName = LaunchScreen;
				INFOPLIST_KEY_UIMainStoryboardFile = Main;
				INFOPLIST_KEY_UISupportedInterfaceOrientations_iPad = "UIInterfaceOrientationPortrait UIInterfaceOrientationPortraitUpsideDown UIInterfaceOrientationLandscapeLeft UIInterfaceOrientationLandscapeRight";
				INFOPLIST_KEY_UISupportedInterfaceOrientations_iPhone = "UIInterfaceOrientationPortrait UIInterfaceOrientationLandscapeLeft UIInterfaceOrientationLandscapeRight";
				LD_RUNPATH_SEARCH_PATHS = (
					"$(inherited)",
					"@executable_path/Frameworks",
				);
				MARKETING_VERSION = 1.0;
				PRODUCT_BUNDLE_IDENTIFIER = org.friendlycashew.Meteo;
				PRODUCT_NAME = "$(TARGET_NAME)";
				SWIFT_EMIT_LOC_STRINGS = YES;
				SWIFT_VERSION = 5.0;
				TARGETED_DEVICE_FAMILY = "1,2";
			};
			name = Debug;
		};
		BB0546AE29171D5A00B1C64E /* Release */ = {
			isa = XCBuildConfiguration;
			buildSettings = {
				ASSETCATALOG_COMPILER_APPICON_NAME = AppIcon;
				ASSETCATALOG_COMPILER_GLOBAL_ACCENT_COLOR_NAME = AccentColor;
				CODE_SIGN_STYLE = Automatic;
				CURRENT_PROJECT_VERSION = 1;
				DEVELOPMENT_TEAM = 8VVPRBT472;
				GENERATE_INFOPLIST_FILE = YES;
				INFOPLIST_FILE = Meteo/Info.plist;
				INFOPLIST_KEY_UIApplicationSupportsIndirectInputEvents = YES;
				INFOPLIST_KEY_UILaunchStoryboardName = LaunchScreen;
				INFOPLIST_KEY_UIMainStoryboardFile = Main;
				INFOPLIST_KEY_UISupportedInterfaceOrientations_iPad = "UIInterfaceOrientationPortrait UIInterfaceOrientationPortraitUpsideDown UIInterfaceOrientationLandscapeLeft UIInterfaceOrientationLandscapeRight";
				INFOPLIST_KEY_UISupportedInterfaceOrientations_iPhone = "UIInterfaceOrientationPortrait UIInterfaceOrientationLandscapeLeft UIInterfaceOrientationLandscapeRight";
				LD_RUNPATH_SEARCH_PATHS = (
					"$(inherited)",
					"@executable_path/Frameworks",
				);
				MARKETING_VERSION = 1.0;
				PRODUCT_BUNDLE_IDENTIFIER = org.friendlycashew.Meteo;
				PRODUCT_NAME = "$(TARGET_NAME)";
				SWIFT_EMIT_LOC_STRINGS = YES;
				SWIFT_VERSION = 5.0;
				TARGETED_DEVICE_FAMILY = "1,2";
			};
			name = Release;
		};
		BB0546B029171D5A00B1C64E /* Debug */ = {
			isa = XCBuildConfiguration;
			buildSettings = {
				ALWAYS_EMBED_SWIFT_STANDARD_LIBRARIES = YES;
				BUNDLE_LOADER = "$(TEST_HOST)";
				CODE_SIGN_STYLE = Automatic;
				CURRENT_PROJECT_VERSION = 1;
				DEVELOPMENT_TEAM = 8VVPRBT472;
				GENERATE_INFOPLIST_FILE = YES;
				IPHONEOS_DEPLOYMENT_TARGET = 16.0;
				MARKETING_VERSION = 1.0;
				PRODUCT_BUNDLE_IDENTIFIER = org.friendlycashew.MeteoTests;
				PRODUCT_NAME = "$(TARGET_NAME)";
				SWIFT_EMIT_LOC_STRINGS = NO;
				SWIFT_VERSION = 5.0;
				TARGETED_DEVICE_FAMILY = "1,2";
				TEST_HOST = "$(BUILT_PRODUCTS_DIR)/Meteo.app/$(BUNDLE_EXECUTABLE_FOLDER_PATH)/Meteo";
			};
			name = Debug;
		};
		BB0546B129171D5A00B1C64E /* Release */ = {
			isa = XCBuildConfiguration;
			buildSettings = {
				ALWAYS_EMBED_SWIFT_STANDARD_LIBRARIES = YES;
				BUNDLE_LOADER = "$(TEST_HOST)";
				CODE_SIGN_STYLE = Automatic;
				CURRENT_PROJECT_VERSION = 1;
				DEVELOPMENT_TEAM = 8VVPRBT472;
				GENERATE_INFOPLIST_FILE = YES;
				IPHONEOS_DEPLOYMENT_TARGET = 16.0;
				MARKETING_VERSION = 1.0;
				PRODUCT_BUNDLE_IDENTIFIER = org.friendlycashew.MeteoTests;
				PRODUCT_NAME = "$(TARGET_NAME)";
				SWIFT_EMIT_LOC_STRINGS = NO;
				SWIFT_VERSION = 5.0;
				TARGETED_DEVICE_FAMILY = "1,2";
				TEST_HOST = "$(BUILT_PRODUCTS_DIR)/Meteo.app/$(BUNDLE_EXECUTABLE_FOLDER_PATH)/Meteo";
			};
			name = Release;
		};
		BB0546B329171D5A00B1C64E /* Debug */ = {
			isa = XCBuildConfiguration;
			buildSettings = {
				ALWAYS_EMBED_SWIFT_STANDARD_LIBRARIES = YES;
				CODE_SIGN_STYLE = Automatic;
				CURRENT_PROJECT_VERSION = 1;
				DEVELOPMENT_TEAM = 8VVPRBT472;
				GENERATE_INFOPLIST_FILE = YES;
				MARKETING_VERSION = 1.0;
				PRODUCT_BUNDLE_IDENTIFIER = org.friendlycashew.MeteoUITests;
				PRODUCT_NAME = "$(TARGET_NAME)";
				SWIFT_EMIT_LOC_STRINGS = NO;
				SWIFT_VERSION = 5.0;
				TARGETED_DEVICE_FAMILY = "1,2";
				TEST_TARGET_NAME = Meteo;
			};
			name = Debug;
		};
		BB0546B429171D5A00B1C64E /* Release */ = {
			isa = XCBuildConfiguration;
			buildSettings = {
				ALWAYS_EMBED_SWIFT_STANDARD_LIBRARIES = YES;
				CODE_SIGN_STYLE = Automatic;
				CURRENT_PROJECT_VERSION = 1;
				DEVELOPMENT_TEAM = 8VVPRBT472;
				GENERATE_INFOPLIST_FILE = YES;
				MARKETING_VERSION = 1.0;
				PRODUCT_BUNDLE_IDENTIFIER = org.friendlycashew.MeteoUITests;
				PRODUCT_NAME = "$(TARGET_NAME)";
				SWIFT_EMIT_LOC_STRINGS = NO;
				SWIFT_VERSION = 5.0;
				TARGETED_DEVICE_FAMILY = "1,2";
				TEST_TARGET_NAME = Meteo;
			};
			name = Release;
		};
/* End XCBuildConfiguration section */

/* Begin XCConfigurationList section */
		BB05467D29171D5900B1C64E /* Build configuration list for PBXProject "Meteo" */ = {
			isa = XCConfigurationList;
			buildConfigurations = (
				BB0546AA29171D5A00B1C64E /* Debug */,
				BB0546AB29171D5A00B1C64E /* Release */,
			);
			defaultConfigurationIsVisible = 0;
			defaultConfigurationName = Release;
		};
		BB0546AC29171D5A00B1C64E /* Build configuration list for PBXNativeTarget "Meteo" */ = {
			isa = XCConfigurationList;
			buildConfigurations = (
				BB0546AD29171D5A00B1C64E /* Debug */,
				BB0546AE29171D5A00B1C64E /* Release */,
			);
			defaultConfigurationIsVisible = 0;
			defaultConfigurationName = Release;
		};
		BB0546AF29171D5A00B1C64E /* Build configuration list for PBXNativeTarget "MeteoTests" */ = {
			isa = XCConfigurationList;
			buildConfigurations = (
				BB0546B029171D5A00B1C64E /* Debug */,
				BB0546B129171D5A00B1C64E /* Release */,
			);
			defaultConfigurationIsVisible = 0;
			defaultConfigurationName = Release;
		};
		BB0546B229171D5A00B1C64E /* Build configuration list for PBXNativeTarget "MeteoUITests" */ = {
			isa = XCConfigurationList;
			buildConfigurations = (
				BB0546B329171D5A00B1C64E /* Debug */,
				BB0546B429171D5A00B1C64E /* Release */,
			);
			defaultConfigurationIsVisible = 0;
			defaultConfigurationName = Release;
		};
/* End XCConfigurationList section */
	};
	rootObject = BB05467A29171D5900B1C64E /* Project object */;
}
