// !$*UTF8*$!
{
	archiveVersion = 1;
	classes = {
	};
	objectVersion = 56;
	objects = {

/* Begin PBXBuildFile section */
		BB05468629171D5900B1C64E /* AppDelegate.swift in Sources */ = {isa = PBXBuildFile; fileRef = BB05468529171D5900B1C64E /* AppDelegate.swift */; };
		BB05468829171D5900B1C64E /* SceneDelegate.swift in Sources */ = {isa = PBXBuildFile; fileRef = BB05468729171D5900B1C64E /* SceneDelegate.swift */; };
		BB05468F29171D5A00B1C64E /* Assets.xcassets in Resources */ = {isa = PBXBuildFile; fileRef = BB05468E29171D5A00B1C64E /* Assets.xcassets */; };
		BB05469229171D5A00B1C64E /* LaunchScreen.storyboard in Resources */ = {isa = PBXBuildFile; fileRef = BB05469029171D5A00B1C64E /* LaunchScreen.storyboard */; };
		BB05469D29171D5A00B1C64E /* MeteoTests.swift in Sources */ = {isa = PBXBuildFile; fileRef = BB05469C29171D5A00B1C64E /* MeteoTests.swift */; };
		BB0546A729171D5A00B1C64E /* MeteoUITests.swift in Sources */ = {isa = PBXBuildFile; fileRef = BB0546A629171D5A00B1C64E /* MeteoUITests.swift */; };
		BB0546A929171D5A00B1C64E /* MeteoUITestsLaunchTests.swift in Sources */ = {isa = PBXBuildFile; fileRef = BB0546A829171D5A00B1C64E /* MeteoUITestsLaunchTests.swift */; };
		BB1EFC462918A10800F68C7F /* SwiftUI+ShapeStyle.swift in Sources */ = {isa = PBXBuildFile; fileRef = BB1EFC452918A10800F68C7F /* SwiftUI+ShapeStyle.swift */; };
		BB32EFEC29177F44005157CB /* WeatherSummaryTile.swift in Sources */ = {isa = PBXBuildFile; fileRef = BB32EFEB29177F44005157CB /* WeatherSummaryTile.swift */; };
		BB32EFEE2917829B005157CB /* WeatherContainerViewModel.swift in Sources */ = {isa = PBXBuildFile; fileRef = BB32EFED2917829B005157CB /* WeatherContainerViewModel.swift */; };
		BB32EFF029178379005157CB /* WeatherSummaryView.swift in Sources */ = {isa = PBXBuildFile; fileRef = BB32EFEF29178379005157CB /* WeatherSummaryView.swift */; };
		BB32EFF2291809E3005157CB /* WeatherSummary.swift in Sources */ = {isa = PBXBuildFile; fileRef = BB32EFF1291809E3005157CB /* WeatherSummary.swift */; };
		BB32EFF429180B61005157CB /* WeatherSummary+OpenWeather.swift in Sources */ = {isa = PBXBuildFile; fileRef = BB32EFF329180B61005157CB /* WeatherSummary+OpenWeather.swift */; };
		BB32EFF629181A9C005157CB /* WeatherForecast.swift in Sources */ = {isa = PBXBuildFile; fileRef = BB32EFF529181A9C005157CB /* WeatherForecast.swift */; };
		BB32EFF829181ACD005157CB /* WeatherForecast+OpenWeather.swift in Sources */ = {isa = PBXBuildFile; fileRef = BB32EFF729181ACD005157CB /* WeatherForecast+OpenWeather.swift */; };
		BB32EFFB29181C9D005157CB /* Logger.swift in Sources */ = {isa = PBXBuildFile; fileRef = BB32EFFA29181C9D005157CB /* Logger.swift */; };
		BB32EFFD29181D4F005157CB /* ForecastCollectionViewController.swift in Sources */ = {isa = PBXBuildFile; fileRef = BB32EFFC29181D4F005157CB /* ForecastCollectionViewController.swift */; };
		BB32F00129184227005157CB /* OpenWeatherAPI.swift in Sources */ = {isa = PBXBuildFile; fileRef = BB32F00029184227005157CB /* OpenWeatherAPI.swift */; };
		BBDCDCA8291845ED00CAB740 /* LocationAPI.swift in Sources */ = {isa = PBXBuildFile; fileRef = BBDCDCA7291845ED00CAB740 /* LocationAPI.swift */; };
		BBDCDCAA29184A3900CAB740 /* Location.swift in Sources */ = {isa = PBXBuildFile; fileRef = BBDCDCA929184A3900CAB740 /* Location.swift */; };
		BBDCDCAC2918587400CAB740 /* WeatherWrapper.swift in Sources */ = {isa = PBXBuildFile; fileRef = BBDCDCAB2918587400CAB740 /* WeatherWrapper.swift */; };
		BBEE55322918E35900977081 /* SearchContainerViewController.swift in Sources */ = {isa = PBXBuildFile; fileRef = BBEE55312918E35900977081 /* SearchContainerViewController.swift */; };
		BBEE55342918E37800977081 /* SearchContainerViewModel.swift in Sources */ = {isa = PBXBuildFile; fileRef = BBEE55332918E37800977081 /* SearchContainerViewModel.swift */; };
		BBF8098E2918B3D900890A89 /* SearchResultTableViewController.swift in Sources */ = {isa = PBXBuildFile; fileRef = BBF8098D2918B3D900890A89 /* SearchResultTableViewController.swift */; };
		BBF809902918B3FD00890A89 /* FavoritesCollectionViewController.swift in Sources */ = {isa = PBXBuildFile; fileRef = BBF8098F2918B3FD00890A89 /* FavoritesCollectionViewController.swift */; };
		BBF809922918B40D00890A89 /* FavoriteTileView.swift in Sources */ = {isa = PBXBuildFile; fileRef = BBF809912918B40D00890A89 /* FavoriteTileView.swift */; };
		BBF809942918CE3400890A89 /* Location+OpenWeather.swift in Sources */ = {isa = PBXBuildFile; fileRef = BBF809932918CE3400890A89 /* Location+OpenWeather.swift */; };
		BBFC12F829172BBE00955ABE /* UserSettings.swift in Sources */ = {isa = PBXBuildFile; fileRef = BBFC12F729172BBE00955ABE /* UserSettings.swift */; };
		BBFC12FA29172BC700955ABE /* UserFavorites.swift in Sources */ = {isa = PBXBuildFile; fileRef = BBFC12F929172BC700955ABE /* UserFavorites.swift */; };
		BBFC1308291730AF00955ABE /* OpenWeather in Frameworks */ = {isa = PBXBuildFile; productRef = BBFC1307291730AF00955ABE /* OpenWeather */; };
		BBFC130C291732FA00955ABE /* SettingsStore.swift in Sources */ = {isa = PBXBuildFile; fileRef = BBFC130B291732FA00955ABE /* SettingsStore.swift */; };
		BBFC130E291736AD00955ABE /* FavoritesStore.swift in Sources */ = {isa = PBXBuildFile; fileRef = BBFC130D291736AD00955ABE /* FavoritesStore.swift */; };
		BBFC13102917393300955ABE /* RootViewController.swift in Sources */ = {isa = PBXBuildFile; fileRef = BBFC130F2917393300955ABE /* RootViewController.swift */; };
		BBFC131229173A3800955ABE /* WeatherTabViewController.swift in Sources */ = {isa = PBXBuildFile; fileRef = BBFC131129173A3800955ABE /* WeatherTabViewController.swift */; };
		BBFC131429173BDD00955ABE /* SearchTabViewController.swift in Sources */ = {isa = PBXBuildFile; fileRef = BBFC131329173BDC00955ABE /* SearchTabViewController.swift */; };
		BBFC131729173F7D00955ABE /* Main.storyboard in Resources */ = {isa = PBXBuildFile; fileRef = BBFC131529173F7D00955ABE /* Main.storyboard */; };
		BBFC13562917536800955ABE /* UIViewExt.swift in Sources */ = {isa = PBXBuildFile; fileRef = BBFC13552917536800955ABE /* UIViewExt.swift */; };
		BBFC13582917547F00955ABE /* NSLayoutConstraintExt.swift in Sources */ = {isa = PBXBuildFile; fileRef = BBFC13572917547F00955ABE /* NSLayoutConstraintExt.swift */; };
		BBFC135A2917617500955ABE /* AppTab.swift in Sources */ = {isa = PBXBuildFile; fileRef = BBFC13592917617500955ABE /* AppTab.swift */; };
		BBFC135C29176F5600955ABE /* WeatherContainerViewController.swift in Sources */ = {isa = PBXBuildFile; fileRef = BBFC135B29176F5600955ABE /* WeatherContainerViewController.swift */; };
		BBFC135E291772F600955ABE /* WeatherFocusView.swift in Sources */ = {isa = PBXBuildFile; fileRef = BBFC135D291772F600955ABE /* WeatherFocusView.swift */; };
		BBFC13602917765200955ABE /* WeatherLowAndHighView.swift in Sources */ = {isa = PBXBuildFile; fileRef = BBFC135F2917765200955ABE /* WeatherLowAndHighView.swift */; };
/* End PBXBuildFile section */

/* Begin PBXContainerItemProxy section */
		BB05469929171D5A00B1C64E /* PBXContainerItemProxy */ = {
			isa = PBXContainerItemProxy;
			containerPortal = BB05467A29171D5900B1C64E /* Project object */;
			proxyType = 1;
			remoteGlobalIDString = BB05468129171D5900B1C64E;
			remoteInfo = Meteo;
		};
		BB0546A329171D5A00B1C64E /* PBXContainerItemProxy */ = {
			isa = PBXContainerItemProxy;
			containerPortal = BB05467A29171D5900B1C64E /* Project object */;
			proxyType = 1;
			remoteGlobalIDString = BB05468129171D5900B1C64E;
			remoteInfo = Meteo;
		};
/* End PBXContainerItemProxy section */

/* Begin PBXFileReference section */
		BB05468229171D5900B1C64E /* Meteo.app */ = {isa = PBXFileReference; explicitFileType = wrapper.application; includeInIndex = 0; path = Meteo.app; sourceTree = BUILT_PRODUCTS_DIR; };
		BB05468529171D5900B1C64E /* AppDelegate.swift */ = {isa = PBXFileReference; lastKnownFileType = sourcecode.swift; path = AppDelegate.swift; sourceTree = "<group>"; };
		BB05468729171D5900B1C64E /* SceneDelegate.swift */ = {isa = PBXFileReference; lastKnownFileType = sourcecode.swift; path = SceneDelegate.swift; sourceTree = "<group>"; };
		BB05468E29171D5A00B1C64E /* Assets.xcassets */ = {isa = PBXFileReference; lastKnownFileType = folder.assetcatalog; path = Assets.xcassets; sourceTree = "<group>"; };
		BB05469129171D5A00B1C64E /* Base */ = {isa = PBXFileReference; lastKnownFileType = file.storyboard; name = Base; path = Base.lproj/LaunchScreen.storyboard; sourceTree = "<group>"; };
		BB05469329171D5A00B1C64E /* Info.plist */ = {isa = PBXFileReference; lastKnownFileType = text.plist.xml; path = Info.plist; sourceTree = "<group>"; };
		BB05469829171D5A00B1C64E /* MeteoTests.xctest */ = {isa = PBXFileReference; explicitFileType = wrapper.cfbundle; includeInIndex = 0; path = MeteoTests.xctest; sourceTree = BUILT_PRODUCTS_DIR; };
		BB05469C29171D5A00B1C64E /* MeteoTests.swift */ = {isa = PBXFileReference; lastKnownFileType = sourcecode.swift; path = MeteoTests.swift; sourceTree = "<group>"; };
		BB0546A229171D5A00B1C64E /* MeteoUITests.xctest */ = {isa = PBXFileReference; explicitFileType = wrapper.cfbundle; includeInIndex = 0; path = MeteoUITests.xctest; sourceTree = BUILT_PRODUCTS_DIR; };
		BB0546A629171D5A00B1C64E /* MeteoUITests.swift */ = {isa = PBXFileReference; lastKnownFileType = sourcecode.swift; path = MeteoUITests.swift; sourceTree = "<group>"; };
		BB0546A829171D5A00B1C64E /* MeteoUITestsLaunchTests.swift */ = {isa = PBXFileReference; lastKnownFileType = sourcecode.swift; path = MeteoUITestsLaunchTests.swift; sourceTree = "<group>"; };
		BB1EFC452918A10800F68C7F /* SwiftUI+ShapeStyle.swift */ = {isa = PBXFileReference; lastKnownFileType = sourcecode.swift; path = "SwiftUI+ShapeStyle.swift"; sourceTree = "<group>"; };
		BB32EFEB29177F44005157CB /* WeatherSummaryTile.swift */ = {isa = PBXFileReference; lastKnownFileType = sourcecode.swift; path = WeatherSummaryTile.swift; sourceTree = "<group>"; };
		BB32EFED2917829B005157CB /* WeatherContainerViewModel.swift */ = {isa = PBXFileReference; lastKnownFileType = sourcecode.swift; path = WeatherContainerViewModel.swift; sourceTree = "<group>"; };
		BB32EFEF29178379005157CB /* WeatherSummaryView.swift */ = {isa = PBXFileReference; lastKnownFileType = sourcecode.swift; path = WeatherSummaryView.swift; sourceTree = "<group>"; };
		BB32EFF1291809E3005157CB /* WeatherSummary.swift */ = {isa = PBXFileReference; lastKnownFileType = sourcecode.swift; path = WeatherSummary.swift; sourceTree = "<group>"; };
		BB32EFF329180B61005157CB /* WeatherSummary+OpenWeather.swift */ = {isa = PBXFileReference; lastKnownFileType = sourcecode.swift; path = "WeatherSummary+OpenWeather.swift"; sourceTree = "<group>"; };
		BB32EFF529181A9C005157CB /* WeatherForecast.swift */ = {isa = PBXFileReference; lastKnownFileType = sourcecode.swift; path = WeatherForecast.swift; sourceTree = "<group>"; };
		BB32EFF729181ACD005157CB /* WeatherForecast+OpenWeather.swift */ = {isa = PBXFileReference; lastKnownFileType = sourcecode.swift; path = "WeatherForecast+OpenWeather.swift"; sourceTree = "<group>"; };
		BB32EFFA29181C9D005157CB /* Logger.swift */ = {isa = PBXFileReference; lastKnownFileType = sourcecode.swift; path = Logger.swift; sourceTree = "<group>"; };
		BB32EFFC29181D4F005157CB /* ForecastCollectionViewController.swift */ = {isa = PBXFileReference; lastKnownFileType = sourcecode.swift; path = ForecastCollectionViewController.swift; sourceTree = "<group>"; };
		BB32F00029184227005157CB /* OpenWeatherAPI.swift */ = {isa = PBXFileReference; lastKnownFileType = sourcecode.swift; path = OpenWeatherAPI.swift; sourceTree = "<group>"; };
		BBDCDCA7291845ED00CAB740 /* LocationAPI.swift */ = {isa = PBXFileReference; lastKnownFileType = sourcecode.swift; path = LocationAPI.swift; sourceTree = "<group>"; };
		BBDCDCA929184A3900CAB740 /* Location.swift */ = {isa = PBXFileReference; lastKnownFileType = sourcecode.swift; path = Location.swift; sourceTree = "<group>"; };
		BBDCDCAB2918587400CAB740 /* WeatherWrapper.swift */ = {isa = PBXFileReference; lastKnownFileType = sourcecode.swift; path = WeatherWrapper.swift; sourceTree = "<group>"; };
		BBEE55312918E35900977081 /* SearchContainerViewController.swift */ = {isa = PBXFileReference; lastKnownFileType = sourcecode.swift; path = SearchContainerViewController.swift; sourceTree = "<group>"; };
		BBEE55332918E37800977081 /* SearchContainerViewModel.swift */ = {isa = PBXFileReference; lastKnownFileType = sourcecode.swift; path = SearchContainerViewModel.swift; sourceTree = "<group>"; };
		BBF8098D2918B3D900890A89 /* SearchResultTableViewController.swift */ = {isa = PBXFileReference; lastKnownFileType = sourcecode.swift; path = SearchResultTableViewController.swift; sourceTree = "<group>"; };
		BBF8098F2918B3FD00890A89 /* FavoritesCollectionViewController.swift */ = {isa = PBXFileReference; lastKnownFileType = sourcecode.swift; path = FavoritesCollectionViewController.swift; sourceTree = "<group>"; };
		BBF809912918B40D00890A89 /* FavoriteTileView.swift */ = {isa = PBXFileReference; lastKnownFileType = sourcecode.swift; path = FavoriteTileView.swift; sourceTree = "<group>"; };
		BBF809932918CE3400890A89 /* Location+OpenWeather.swift */ = {isa = PBXFileReference; lastKnownFileType = sourcecode.swift; path = "Location+OpenWeather.swift"; sourceTree = "<group>"; };
		BBFC12F729172BBE00955ABE /* UserSettings.swift */ = {isa = PBXFileReference; lastKnownFileType = sourcecode.swift; path = UserSettings.swift; sourceTree = "<group>"; };
		BBFC12F929172BC700955ABE /* UserFavorites.swift */ = {isa = PBXFileReference; lastKnownFileType = sourcecode.swift; path = UserFavorites.swift; sourceTree = "<group>"; };
		BBFC130B291732FA00955ABE /* SettingsStore.swift */ = {isa = PBXFileReference; lastKnownFileType = sourcecode.swift; path = SettingsStore.swift; sourceTree = "<group>"; };
		BBFC130D291736AD00955ABE /* FavoritesStore.swift */ = {isa = PBXFileReference; lastKnownFileType = sourcecode.swift; path = FavoritesStore.swift; sourceTree = "<group>"; };
		BBFC130F2917393300955ABE /* RootViewController.swift */ = {isa = PBXFileReference; lastKnownFileType = sourcecode.swift; path = RootViewController.swift; sourceTree = "<group>"; };
		BBFC131129173A3800955ABE /* WeatherTabViewController.swift */ = {isa = PBXFileReference; lastKnownFileType = sourcecode.swift; path = WeatherTabViewController.swift; sourceTree = "<group>"; };
		BBFC131329173BDC00955ABE /* SearchTabViewController.swift */ = {isa = PBXFileReference; lastKnownFileType = sourcecode.swift; path = SearchTabViewController.swift; sourceTree = "<group>"; };
		BBFC131629173F7D00955ABE /* Base */ = {isa = PBXFileReference; lastKnownFileType = file.storyboard; name = Base; path = Meteo/Base.lproj/Main.storyboard; sourceTree = SOURCE_ROOT; };
		BBFC13552917536800955ABE /* UIViewExt.swift */ = {isa = PBXFileReference; lastKnownFileType = sourcecode.swift; path = UIViewExt.swift; sourceTree = "<group>"; };
		BBFC13572917547F00955ABE /* NSLayoutConstraintExt.swift */ = {isa = PBXFileReference; lastKnownFileType = sourcecode.swift; path = NSLayoutConstraintExt.swift; sourceTree = "<group>"; };
		BBFC13592917617500955ABE /* AppTab.swift */ = {isa = PBXFileReference; lastKnownFileType = sourcecode.swift; path = AppTab.swift; sourceTree = "<group>"; };
		BBFC135B29176F5600955ABE /* WeatherContainerViewController.swift */ = {isa = PBXFileReference; lastKnownFileType = sourcecode.swift; path = WeatherContainerViewController.swift; sourceTree = "<group>"; };
		BBFC135D291772F600955ABE /* WeatherFocusView.swift */ = {isa = PBXFileReference; lastKnownFileType = sourcecode.swift; path = WeatherFocusView.swift; sourceTree = "<group>"; };
		BBFC135F2917765200955ABE /* WeatherLowAndHighView.swift */ = {isa = PBXFileReference; lastKnownFileType = sourcecode.swift; path = WeatherLowAndHighView.swift; sourceTree = "<group>"; };
/* End PBXFileReference section */

/* Begin PBXFrameworksBuildPhase section */
		BB05467F29171D5900B1C64E /* Frameworks */ = {
			isa = PBXFrameworksBuildPhase;
			buildActionMask = 2147483647;
			files = (
				BBFC1308291730AF00955ABE /* OpenWeather in Frameworks */,
			);
			runOnlyForDeploymentPostprocessing = 0;
		};
		BB05469529171D5A00B1C64E /* Frameworks */ = {
			isa = PBXFrameworksBuildPhase;
			buildActionMask = 2147483647;
			files = (
			);
			runOnlyForDeploymentPostprocessing = 0;
		};
		BB05469F29171D5A00B1C64E /* Frameworks */ = {
			isa = PBXFrameworksBuildPhase;
			buildActionMask = 2147483647;
			files = (
			);
			runOnlyForDeploymentPostprocessing = 0;
		};
/* End PBXFrameworksBuildPhase section */

/* Begin PBXGroup section */
		BB05467929171D5900B1C64E = {
			isa = PBXGroup;
			children = (
				BB05468429171D5900B1C64E /* Meteo */,
				BB05469B29171D5A00B1C64E /* MeteoTests */,
				BB0546A529171D5A00B1C64E /* MeteoUITests */,
				BB05468329171D5900B1C64E /* Products */,
			);
			sourceTree = "<group>";
		};
		BB05468329171D5900B1C64E /* Products */ = {
			isa = PBXGroup;
			children = (
				BB05468229171D5900B1C64E /* Meteo.app */,
				BB05469829171D5A00B1C64E /* MeteoTests.xctest */,
				BB0546A229171D5A00B1C64E /* MeteoUITests.xctest */,
			);
			name = Products;
			sourceTree = "<group>";
		};
		BB05468429171D5900B1C64E /* Meteo */ = {
			isa = PBXGroup;
			children = (
				BB05469329171D5A00B1C64E /* Info.plist */,
				BBFC130429172E3100955ABE /* App */,
				BBFC130329172DE300955ABE /* Models */,
				BBFC12F529172B4E00955ABE /* Screens */,
				BBFC13542917531800955ABE /* Utilities */,
			);
			path = Meteo;
			sourceTree = "<group>";
		};
		BB05469B29171D5A00B1C64E /* MeteoTests */ = {
			isa = PBXGroup;
			children = (
				BB05469C29171D5A00B1C64E /* MeteoTests.swift */,
			);
			path = MeteoTests;
			sourceTree = "<group>";
		};
		BB0546A529171D5A00B1C64E /* MeteoUITests */ = {
			isa = PBXGroup;
			children = (
				BB0546A629171D5A00B1C64E /* MeteoUITests.swift */,
				BB0546A829171D5A00B1C64E /* MeteoUITestsLaunchTests.swift */,
			);
			path = MeteoUITests;
			sourceTree = "<group>";
		};
		BB32EFF929181C94005157CB /* Logger */ = {
			isa = PBXGroup;
			children = (
				BB32EFFA29181C9D005157CB /* Logger.swift */,
			);
			path = Logger;
			sourceTree = "<group>";
		};
		BBFC12F529172B4E00955ABE /* Screens */ = {
			isa = PBXGroup;
			children = (
				BBFC130F2917393300955ABE /* RootViewController.swift */,
				BBFC12FB29172C8800955ABE /* Tabs */,
				BBFC12FF29172D5600955ABE /* Settings */,
				BBFC12FC29172CA900955ABE /* Search */,
				BBFC130029172DA100955ABE /* Weather */,
			);
			path = Screens;
			sourceTree = "<group>";
		};
		BBFC12F629172BA800955ABE /* User */ = {
			isa = PBXGroup;
			children = (
				BBFC12F729172BBE00955ABE /* UserSettings.swift */,
				BBFC12F929172BC700955ABE /* UserFavorites.swift */,
			);
			path = User;
			sourceTree = "<group>";
		};
		BBFC12FB29172C8800955ABE /* Tabs */ = {
			isa = PBXGroup;
			children = (
				BBFC13592917617500955ABE /* AppTab.swift */,
				BBFC131129173A3800955ABE /* WeatherTabViewController.swift */,
				BBFC131329173BDC00955ABE /* SearchTabViewController.swift */,
			);
			path = Tabs;
			sourceTree = "<group>";
		};
		BBFC12FC29172CA900955ABE /* Search */ = {
			isa = PBXGroup;
			children = (
				BBEE55312918E35900977081 /* SearchContainerViewController.swift */,
				BBEE55332918E37800977081 /* SearchContainerViewModel.swift */,
				BBFC12FE29172D1300955ABE /* Search Result */,
				BBFC12FD29172D0C00955ABE /* Favorites */,
			);
			path = Search;
			sourceTree = "<group>";
		};
		BBFC12FD29172D0C00955ABE /* Favorites */ = {
			isa = PBXGroup;
			children = (
				BBF8098F2918B3FD00890A89 /* FavoritesCollectionViewController.swift */,
				BBF809912918B40D00890A89 /* FavoriteTileView.swift */,
			);
			path = Favorites;
			sourceTree = "<group>";
		};
		BBFC12FE29172D1300955ABE /* Search Result */ = {
			isa = PBXGroup;
			children = (
				BBF8098D2918B3D900890A89 /* SearchResultTableViewController.swift */,
			);
			path = "Search Result";
			sourceTree = "<group>";
		};
		BBFC12FF29172D5600955ABE /* Settings */ = {
			isa = PBXGroup;
			children = (
			);
			path = Settings;
			sourceTree = "<group>";
		};
		BBFC130029172DA100955ABE /* Weather */ = {
			isa = PBXGroup;
			children = (
				BBFC135B29176F5600955ABE /* WeatherContainerViewController.swift */,
				BB32EFED2917829B005157CB /* WeatherContainerViewModel.swift */,
				BBFC130129172DAD00955ABE /* Weather Summary */,
				BBFC130229172DB600955ABE /* Forecast */,
			);
			path = Weather;
			sourceTree = "<group>";
		};
		BBFC130129172DAD00955ABE /* Weather Summary */ = {
			isa = PBXGroup;
			children = (
				BB32EFEF29178379005157CB /* WeatherSummaryView.swift */,
				BB32EFEB29177F44005157CB /* WeatherSummaryTile.swift */,
				BBFC135D291772F600955ABE /* WeatherFocusView.swift */,
				BBFC135F2917765200955ABE /* WeatherLowAndHighView.swift */,
			);
			path = "Weather Summary";
			sourceTree = "<group>";
		};
		BBFC130229172DB600955ABE /* Forecast */ = {
			isa = PBXGroup;
			children = (
				BB32EFFC29181D4F005157CB /* ForecastCollectionViewController.swift */,
			);
			path = Forecast;
			sourceTree = "<group>";
		};
		BBFC130329172DE300955ABE /* Models */ = {
			isa = PBXGroup;
			children = (
				BBFC130529172E6B00955ABE /* Weather */,
				BBFC12F629172BA800955ABE /* User */,
			);
			path = Models;
			sourceTree = "<group>";
		};
		BBFC130429172E3100955ABE /* App */ = {
			isa = PBXGroup;
			children = (
				BB32EFF929181C94005157CB /* Logger */,
				BBFC130A291731A200955ABE /* Persistence */,
				BBFC13092917316600955ABE /* Network */,
				BB05468529171D5900B1C64E /* AppDelegate.swift */,
				BB05468729171D5900B1C64E /* SceneDelegate.swift */,
				BB05468E29171D5A00B1C64E /* Assets.xcassets */,
				BBFC131529173F7D00955ABE /* Main.storyboard */,
				BB05469029171D5A00B1C64E /* LaunchScreen.storyboard */,
			);
			path = App;
			sourceTree = "<group>";
		};
		BBFC130529172E6B00955ABE /* Weather */ = {
			isa = PBXGroup;
			children = (
				BBDCDCAB2918587400CAB740 /* WeatherWrapper.swift */,
				BB32EFF1291809E3005157CB /* WeatherSummary.swift */,
				BB32EFF329180B61005157CB /* WeatherSummary+OpenWeather.swift */,
				BB32EFF529181A9C005157CB /* WeatherForecast.swift */,
				BB32EFF729181ACD005157CB /* WeatherForecast+OpenWeather.swift */,
				BBDCDCA929184A3900CAB740 /* Location.swift */,
				BBF809932918CE3400890A89 /* Location+OpenWeather.swift */,
			);
			path = Weather;
			sourceTree = "<group>";
		};
		BBFC13092917316600955ABE /* Network */ = {
			isa = PBXGroup;
			children = (
				BB32F00029184227005157CB /* OpenWeatherAPI.swift */,
				BBDCDCA7291845ED00CAB740 /* LocationAPI.swift */,
			);
			path = Network;
			sourceTree = "<group>";
		};
		BBFC130A291731A200955ABE /* Persistence */ = {
			isa = PBXGroup;
			children = (
				BBFC130B291732FA00955ABE /* SettingsStore.swift */,
				BBFC130D291736AD00955ABE /* FavoritesStore.swift */,
			);
			path = Persistence;
			sourceTree = "<group>";
		};
		BBFC13542917531800955ABE /* Utilities */ = {
			isa = PBXGroup;
			children = (
				BBFC13552917536800955ABE /* UIViewExt.swift */,
				BBFC13572917547F00955ABE /* NSLayoutConstraintExt.swift */,
				BB1EFC452918A10800F68C7F /* SwiftUI+ShapeStyle.swift */,
			);
			path = Utilities;
			sourceTree = "<group>";
		};
/* End PBXGroup section */

/* Begin PBXNativeTarget section */
		BB05468129171D5900B1C64E /* Meteo */ = {
			isa = PBXNativeTarget;
			buildConfigurationList = BB0546AC29171D5A00B1C64E /* Build configuration list for PBXNativeTarget "Meteo" */;
			buildPhases = (
				BB0546B529171DC700B1C64E /* Run swift-format */,
				BB05467E29171D5900B1C64E /* Sources */,
				BB05467F29171D5900B1C64E /* Frameworks */,
				BB05468029171D5900B1C64E /* Resources */,
			);
			buildRules = (
			);
			dependencies = (
			);
			name = Meteo;
			packageProductDependencies = (
				BBFC1307291730AF00955ABE /* OpenWeather */,
			);
			productName = Meteo;
			productReference = BB05468229171D5900B1C64E /* Meteo.app */;
			productType = "com.apple.product-type.application";
		};
		BB05469729171D5A00B1C64E /* MeteoTests */ = {
			isa = PBXNativeTarget;
			buildConfigurationList = BB0546AF29171D5A00B1C64E /* Build configuration list for PBXNativeTarget "MeteoTests" */;
			buildPhases = (
				BB05469429171D5A00B1C64E /* Sources */,
				BB05469529171D5A00B1C64E /* Frameworks */,
				BB05469629171D5A00B1C64E /* Resources */,
			);
			buildRules = (
			);
			dependencies = (
				BB05469A29171D5A00B1C64E /* PBXTargetDependency */,
			);
			name = MeteoTests;
			productName = MeteoTests;
			productReference = BB05469829171D5A00B1C64E /* MeteoTests.xctest */;
			productType = "com.apple.product-type.bundle.unit-test";
		};
		BB0546A129171D5A00B1C64E /* MeteoUITests */ = {
			isa = PBXNativeTarget;
			buildConfigurationList = BB0546B229171D5A00B1C64E /* Build configuration list for PBXNativeTarget "MeteoUITests" */;
			buildPhases = (
				BB05469E29171D5A00B1C64E /* Sources */,
				BB05469F29171D5A00B1C64E /* Frameworks */,
				BB0546A029171D5A00B1C64E /* Resources */,
			);
			buildRules = (
			);
			dependencies = (
				BB0546A429171D5A00B1C64E /* PBXTargetDependency */,
			);
			name = MeteoUITests;
			productName = MeteoUITests;
			productReference = BB0546A229171D5A00B1C64E /* MeteoUITests.xctest */;
			productType = "com.apple.product-type.bundle.ui-testing";
		};
/* End PBXNativeTarget section */

/* Begin PBXProject section */
		BB05467A29171D5900B1C64E /* Project object */ = {
			isa = PBXProject;
			attributes = {
				BuildIndependentTargetsInParallel = 1;
				LastSwiftUpdateCheck = 1400;
				LastUpgradeCheck = 1400;
				TargetAttributes = {
					BB05468129171D5900B1C64E = {
						CreatedOnToolsVersion = 14.0.1;
					};
					BB05469729171D5A00B1C64E = {
						CreatedOnToolsVersion = 14.0.1;
						TestTargetID = BB05468129171D5900B1C64E;
					};
					BB0546A129171D5A00B1C64E = {
						CreatedOnToolsVersion = 14.0.1;
						TestTargetID = BB05468129171D5900B1C64E;
					};
				};
			};
			buildConfigurationList = BB05467D29171D5900B1C64E /* Build configuration list for PBXProject "Meteo" */;
			compatibilityVersion = "Xcode 14.0";
			developmentRegion = en;
			hasScannedForEncodings = 0;
			knownRegions = (
				en,
				Base,
			);
			mainGroup = BB05467929171D5900B1C64E;
			packageReferences = (
				BBFC1306291730AF00955ABE /* XCRemoteSwiftPackageReference "openweather-swift-sdk" */,
			);
			productRefGroup = BB05468329171D5900B1C64E /* Products */;
			projectDirPath = "";
			projectRoot = "";
			targets = (
				BB05468129171D5900B1C64E /* Meteo */,
				BB05469729171D5A00B1C64E /* MeteoTests */,
				BB0546A129171D5A00B1C64E /* MeteoUITests */,
			);
		};
/* End PBXProject section */

/* Begin PBXResourcesBuildPhase section */
		BB05468029171D5900B1C64E /* Resources */ = {
			isa = PBXResourcesBuildPhase;
			buildActionMask = 2147483647;
			files = (
				BBFC131729173F7D00955ABE /* Main.storyboard in Resources */,
				BB05469229171D5A00B1C64E /* LaunchScreen.storyboard in Resources */,
				BB05468F29171D5A00B1C64E /* Assets.xcassets in Resources */,
			);
			runOnlyForDeploymentPostprocessing = 0;
		};
		BB05469629171D5A00B1C64E /* Resources */ = {
			isa = PBXResourcesBuildPhase;
			buildActionMask = 2147483647;
			files = (
			);
			runOnlyForDeploymentPostprocessing = 0;
		};
		BB0546A029171D5A00B1C64E /* Resources */ = {
			isa = PBXResourcesBuildPhase;
			buildActionMask = 2147483647;
			files = (
			);
			runOnlyForDeploymentPostprocessing = 0;
		};
/* End PBXResourcesBuildPhase section */

/* Begin PBXShellScriptBuildPhase section */
		BB0546B529171DC700B1C64E /* Run swift-format */ = {
			isa = PBXShellScriptBuildPhase;
			alwaysOutOfDate = 1;
			buildActionMask = 2147483647;
			files = (
			);
			inputFileListPaths = (
			);
			inputPaths = (
			);
			name = "Run swift-format";
			outputFileListPaths = (
			);
			outputPaths = (
			);
			runOnlyForDeploymentPostprocessing = 0;
			shellPath = /bin/sh;
			shellScript = "if which swift-format >/dev/null; then\n    swift-format format -i -r ${PROJECT_DIR}\n    swift-format lint -r ${PROJECT_DIR}\n    exit 0\nelse\n    echo \"warning: swift-format not installed\"\nfi\n";
		};
/* End PBXShellScriptBuildPhase section */

/* Begin PBXSourcesBuildPhase section */
		BB05467E29171D5900B1C64E /* Sources */ = {
			isa = PBXSourcesBuildPhase;
			buildActionMask = 2147483647;
			files = (
				BB05468629171D5900B1C64E /* AppDelegate.swift in Sources */,
				BB32EFF2291809E3005157CB /* WeatherSummary.swift in Sources */,
				BBF809902918B3FD00890A89 /* FavoritesCollectionViewController.swift in Sources */,
				BBFC13102917393300955ABE /* RootViewController.swift in Sources */,
				BBEE55342918E37800977081 /* SearchContainerViewModel.swift in Sources */,
				BBFC13562917536800955ABE /* UIViewExt.swift in Sources */,
				BB32EFF429180B61005157CB /* WeatherSummary+OpenWeather.swift in Sources */,
				BBFC135A2917617500955ABE /* AppTab.swift in Sources */,
				BB32F00129184227005157CB /* OpenWeatherAPI.swift in Sources */,
				BBFC13582917547F00955ABE /* NSLayoutConstraintExt.swift in Sources */,
				BBFC135E291772F600955ABE /* WeatherFocusView.swift in Sources */,
				BBFC12F829172BBE00955ABE /* UserSettings.swift in Sources */,
				BB32EFFB29181C9D005157CB /* Logger.swift in Sources */,
				BBFC130E291736AD00955ABE /* FavoritesStore.swift in Sources */,
				BBFC135C29176F5600955ABE /* WeatherContainerViewController.swift in Sources */,
				BBEE55322918E35900977081 /* SearchContainerViewController.swift in Sources */,
				BB1EFC462918A10800F68C7F /* SwiftUI+ShapeStyle.swift in Sources */,
				BBF8098E2918B3D900890A89 /* SearchResultTableViewController.swift in Sources */,
				BBDCDCAA29184A3900CAB740 /* Location.swift in Sources */,
				BBFC131229173A3800955ABE /* WeatherTabViewController.swift in Sources */,
				BB32EFEE2917829B005157CB /* WeatherContainerViewModel.swift in Sources */,
				BBDCDCAC2918587400CAB740 /* WeatherWrapper.swift in Sources */,
				BBFC130C291732FA00955ABE /* SettingsStore.swift in Sources */,
				BBFC12FA29172BC700955ABE /* UserFavorites.swift in Sources */,
				BB32EFF629181A9C005157CB /* WeatherForecast.swift in Sources */,
				BB05468829171D5900B1C64E /* SceneDelegate.swift in Sources */,
				BBFC131429173BDD00955ABE /* SearchTabViewController.swift in Sources */,
				BB32EFFD29181D4F005157CB /* ForecastCollectionViewController.swift in Sources */,
				BBF809922918B40D00890A89 /* FavoriteTileView.swift in Sources */,
				BB32EFF829181ACD005157CB /* WeatherForecast+OpenWeather.swift in Sources */,
				BBFC13602917765200955ABE /* WeatherLowAndHighView.swift in Sources */,
				BBF809942918CE3400890A89 /* Location+OpenWeather.swift in Sources */,
				BB32EFF029178379005157CB /* WeatherSummaryView.swift in Sources */,
				BB32EFEC29177F44005157CB /* WeatherSummaryTile.swift in Sources */,
				BBDCDCA8291845ED00CAB740 /* LocationAPI.swift in Sources */,
			);
			runOnlyForDeploymentPostprocessing = 0;
		};
		BB05469429171D5A00B1C64E /* Sources */ = {
			isa = PBXSourcesBuildPhase;
			buildActionMask = 2147483647;
			files = (
				BB05469D29171D5A00B1C64E /* MeteoTests.swift in Sources */,
			);
			runOnlyForDeploymentPostprocessing = 0;
		};
		BB05469E29171D5A00B1C64E /* Sources */ = {
			isa = PBXSourcesBuildPhase;
			buildActionMask = 2147483647;
			files = (
				BB0546A729171D5A00B1C64E /* MeteoUITests.swift in Sources */,
				BB0546A929171D5A00B1C64E /* MeteoUITestsLaunchTests.swift in Sources */,
			);
			runOnlyForDeploymentPostprocessing = 0;
		};
/* End PBXSourcesBuildPhase section */

/* Begin PBXTargetDependency section */
		BB05469A29171D5A00B1C64E /* PBXTargetDependency */ = {
			isa = PBXTargetDependency;
			target = BB05468129171D5900B1C64E /* Meteo */;
			targetProxy = BB05469929171D5A00B1C64E /* PBXContainerItemProxy */;
		};
		BB0546A429171D5A00B1C64E /* PBXTargetDependency */ = {
			isa = PBXTargetDependency;
			target = BB05468129171D5900B1C64E /* Meteo */;
			targetProxy = BB0546A329171D5A00B1C64E /* PBXContainerItemProxy */;
		};
/* End PBXTargetDependency section */

/* Begin PBXVariantGroup section */
		BB05469029171D5A00B1C64E /* LaunchScreen.storyboard */ = {
			isa = PBXVariantGroup;
			children = (
				BB05469129171D5A00B1C64E /* Base */,
			);
			name = LaunchScreen.storyboard;
			sourceTree = "<group>";
		};
		BBFC131529173F7D00955ABE /* Main.storyboard */ = {
			isa = PBXVariantGroup;
			children = (
				BBFC131629173F7D00955ABE /* Base */,
			);
			name = Main.storyboard;
			sourceTree = "<group>";
		};
/* End PBXVariantGroup section */

/* Begin XCBuildConfiguration section */
		BB0546AA29171D5A00B1C64E /* Debug */ = {
			isa = XCBuildConfiguration;
			buildSettings = {
				ALWAYS_SEARCH_USER_PATHS = NO;
				CLANG_ANALYZER_NONNULL = YES;
				CLANG_ANALYZER_NUMBER_OBJECT_CONVERSION = YES_AGGRESSIVE;
				CLANG_CXX_LANGUAGE_STANDARD = "gnu++20";
				CLANG_ENABLE_MODULES = YES;
				CLANG_ENABLE_OBJC_ARC = YES;
				CLANG_ENABLE_OBJC_WEAK = YES;
				CLANG_WARN_BLOCK_CAPTURE_AUTORELEASING = YES;
				CLANG_WARN_BOOL_CONVERSION = YES;
				CLANG_WARN_COMMA = YES;
				CLANG_WARN_CONSTANT_CONVERSION = YES;
				CLANG_WARN_DEPRECATED_OBJC_IMPLEMENTATIONS = YES;
				CLANG_WARN_DIRECT_OBJC_ISA_USAGE = YES_ERROR;
				CLANG_WARN_DOCUMENTATION_COMMENTS = YES;
				CLANG_WARN_EMPTY_BODY = YES;
				CLANG_WARN_ENUM_CONVERSION = YES;
				CLANG_WARN_INFINITE_RECURSION = YES;
				CLANG_WARN_INT_CONVERSION = YES;
				CLANG_WARN_NON_LITERAL_NULL_CONVERSION = YES;
				CLANG_WARN_OBJC_IMPLICIT_RETAIN_SELF = YES;
				CLANG_WARN_OBJC_LITERAL_CONVERSION = YES;
				CLANG_WARN_OBJC_ROOT_CLASS = YES_ERROR;
				CLANG_WARN_QUOTED_INCLUDE_IN_FRAMEWORK_HEADER = YES;
				CLANG_WARN_RANGE_LOOP_ANALYSIS = YES;
				CLANG_WARN_STRICT_PROTOTYPES = YES;
				CLANG_WARN_SUSPICIOUS_MOVE = YES;
				CLANG_WARN_UNGUARDED_AVAILABILITY = YES_AGGRESSIVE;
				CLANG_WARN_UNREACHABLE_CODE = YES;
				CLANG_WARN__DUPLICATE_METHOD_MATCH = YES;
				COPY_PHASE_STRIP = NO;
				DEBUG_INFORMATION_FORMAT = dwarf;
				ENABLE_STRICT_OBJC_MSGSEND = YES;
				ENABLE_TESTABILITY = YES;
				GCC_C_LANGUAGE_STANDARD = gnu11;
				GCC_DYNAMIC_NO_PIC = NO;
				GCC_NO_COMMON_BLOCKS = YES;
				GCC_OPTIMIZATION_LEVEL = 0;
				GCC_PREPROCESSOR_DEFINITIONS = (
					"DEBUG=1",
					"$(inherited)",
				);
				GCC_WARN_64_TO_32_BIT_CONVERSION = YES;
				GCC_WARN_ABOUT_RETURN_TYPE = YES_ERROR;
				GCC_WARN_UNDECLARED_SELECTOR = YES;
				GCC_WARN_UNINITIALIZED_AUTOS = YES_AGGRESSIVE;
				GCC_WARN_UNUSED_FUNCTION = YES;
				GCC_WARN_UNUSED_VARIABLE = YES;
				IPHONEOS_DEPLOYMENT_TARGET = 16.0;
				MTL_ENABLE_DEBUG_INFO = INCLUDE_SOURCE;
				MTL_FAST_MATH = YES;
				ONLY_ACTIVE_ARCH = YES;
				SDKROOT = iphoneos;
				SWIFT_ACTIVE_COMPILATION_CONDITIONS = DEBUG;
				SWIFT_OPTIMIZATION_LEVEL = "-Onone";
			};
			name = Debug;
		};
		BB0546AB29171D5A00B1C64E /* Release */ = {
			isa = XCBuildConfiguration;
			buildSettings = {
				ALWAYS_SEARCH_USER_PATHS = NO;
				CLANG_ANALYZER_NONNULL = YES;
				CLANG_ANALYZER_NUMBER_OBJECT_CONVERSION = YES_AGGRESSIVE;
				CLANG_CXX_LANGUAGE_STANDARD = "gnu++20";
				CLANG_ENABLE_MODULES = YES;
				CLANG_ENABLE_OBJC_ARC = YES;
				CLANG_ENABLE_OBJC_WEAK = YES;
				CLANG_WARN_BLOCK_CAPTURE_AUTORELEASING = YES;
				CLANG_WARN_BOOL_CONVERSION = YES;
				CLANG_WARN_COMMA = YES;
				CLANG_WARN_CONSTANT_CONVERSION = YES;
				CLANG_WARN_DEPRECATED_OBJC_IMPLEMENTATIONS = YES;
				CLANG_WARN_DIRECT_OBJC_ISA_USAGE = YES_ERROR;
				CLANG_WARN_DOCUMENTATION_COMMENTS = YES;
				CLANG_WARN_EMPTY_BODY = YES;
				CLANG_WARN_ENUM_CONVERSION = YES;
				CLANG_WARN_INFINITE_RECURSION = YES;
				CLANG_WARN_INT_CONVERSION = YES;
				CLANG_WARN_NON_LITERAL_NULL_CONVERSION = YES;
				CLANG_WARN_OBJC_IMPLICIT_RETAIN_SELF = YES;
				CLANG_WARN_OBJC_LITERAL_CONVERSION = YES;
				CLANG_WARN_OBJC_ROOT_CLASS = YES_ERROR;
				CLANG_WARN_QUOTED_INCLUDE_IN_FRAMEWORK_HEADER = YES;
				CLANG_WARN_RANGE_LOOP_ANALYSIS = YES;
				CLANG_WARN_STRICT_PROTOTYPES = YES;
				CLANG_WARN_SUSPICIOUS_MOVE = YES;
				CLANG_WARN_UNGUARDED_AVAILABILITY = YES_AGGRESSIVE;
				CLANG_WARN_UNREACHABLE_CODE = YES;
				CLANG_WARN__DUPLICATE_METHOD_MATCH = YES;
				COPY_PHASE_STRIP = NO;
				DEBUG_INFORMATION_FORMAT = "dwarf-with-dsym";
				ENABLE_NS_ASSERTIONS = NO;
				ENABLE_STRICT_OBJC_MSGSEND = YES;
				GCC_C_LANGUAGE_STANDARD = gnu11;
				GCC_NO_COMMON_BLOCKS = YES;
				GCC_WARN_64_TO_32_BIT_CONVERSION = YES;
				GCC_WARN_ABOUT_RETURN_TYPE = YES_ERROR;
				GCC_WARN_UNDECLARED_SELECTOR = YES;
				GCC_WARN_UNINITIALIZED_AUTOS = YES_AGGRESSIVE;
				GCC_WARN_UNUSED_FUNCTION = YES;
				GCC_WARN_UNUSED_VARIABLE = YES;
				IPHONEOS_DEPLOYMENT_TARGET = 16.0;
				MTL_ENABLE_DEBUG_INFO = NO;
				MTL_FAST_MATH = YES;
				SDKROOT = iphoneos;
				SWIFT_COMPILATION_MODE = wholemodule;
				SWIFT_OPTIMIZATION_LEVEL = "-O";
				VALIDATE_PRODUCT = YES;
			};
			name = Release;
		};
		BB0546AD29171D5A00B1C64E /* Debug */ = {
			isa = XCBuildConfiguration;
			buildSettings = {
				ASSETCATALOG_COMPILER_APPICON_NAME = AppIcon;
				ASSETCATALOG_COMPILER_GLOBAL_ACCENT_COLOR_NAME = AccentColor;
				CODE_SIGN_STYLE = Automatic;
				CURRENT_PROJECT_VERSION = 1;
				DEVELOPMENT_TEAM = 8VVPRBT472;
				GENERATE_INFOPLIST_FILE = YES;
				INFOPLIST_FILE = Meteo/Info.plist;
				INFOPLIST_KEY_UIApplicationSupportsIndirectInputEvents = YES;
				INFOPLIST_KEY_UILaunchStoryboardName = LaunchScreen;
				INFOPLIST_KEY_UIMainStoryboardFile = Main;
				INFOPLIST_KEY_UISupportedInterfaceOrientations_iPad = "UIInterfaceOrientationPortrait UIInterfaceOrientationPortraitUpsideDown UIInterfaceOrientationLandscapeLeft UIInterfaceOrientationLandscapeRight";
				INFOPLIST_KEY_UISupportedInterfaceOrientations_iPhone = "UIInterfaceOrientationPortrait UIInterfaceOrientationLandscapeLeft UIInterfaceOrientationLandscapeRight";
				LD_RUNPATH_SEARCH_PATHS = (
					"$(inherited)",
					"@executable_path/Frameworks",
				);
				MARKETING_VERSION = 1.0;
				PRODUCT_BUNDLE_IDENTIFIER = org.friendlycashew.Meteo;
				PRODUCT_NAME = "$(TARGET_NAME)";
				SWIFT_EMIT_LOC_STRINGS = YES;
				SWIFT_VERSION = 5.0;
				TARGETED_DEVICE_FAMILY = "1,2";
			};
			name = Debug;
		};
		BB0546AE29171D5A00B1C64E /* Release */ = {
			isa = XCBuildConfiguration;
			buildSettings = {
				ASSETCATALOG_COMPILER_APPICON_NAME = AppIcon;
				ASSETCATALOG_COMPILER_GLOBAL_ACCENT_COLOR_NAME = AccentColor;
				CODE_SIGN_STYLE = Automatic;
				CURRENT_PROJECT_VERSION = 1;
				DEVELOPMENT_TEAM = 8VVPRBT472;
				GENERATE_INFOPLIST_FILE = YES;
				INFOPLIST_FILE = Meteo/Info.plist;
				INFOPLIST_KEY_UIApplicationSupportsIndirectInputEvents = YES;
				INFOPLIST_KEY_UILaunchStoryboardName = LaunchScreen;
				INFOPLIST_KEY_UIMainStoryboardFile = Main;
				INFOPLIST_KEY_UISupportedInterfaceOrientations_iPad = "UIInterfaceOrientationPortrait UIInterfaceOrientationPortraitUpsideDown UIInterfaceOrientationLandscapeLeft UIInterfaceOrientationLandscapeRight";
				INFOPLIST_KEY_UISupportedInterfaceOrientations_iPhone = "UIInterfaceOrientationPortrait UIInterfaceOrientationLandscapeLeft UIInterfaceOrientationLandscapeRight";
				LD_RUNPATH_SEARCH_PATHS = (
					"$(inherited)",
					"@executable_path/Frameworks",
				);
				MARKETING_VERSION = 1.0;
				PRODUCT_BUNDLE_IDENTIFIER = org.friendlycashew.Meteo;
				PRODUCT_NAME = "$(TARGET_NAME)";
				SWIFT_EMIT_LOC_STRINGS = YES;
				SWIFT_VERSION = 5.0;
				TARGETED_DEVICE_FAMILY = "1,2";
			};
			name = Release;
		};
		BB0546B029171D5A00B1C64E /* Debug */ = {
			isa = XCBuildConfiguration;
			buildSettings = {
				ALWAYS_EMBED_SWIFT_STANDARD_LIBRARIES = YES;
				BUNDLE_LOADER = "$(TEST_HOST)";
				CODE_SIGN_STYLE = Automatic;
				CURRENT_PROJECT_VERSION = 1;
				DEVELOPMENT_TEAM = 8VVPRBT472;
				GENERATE_INFOPLIST_FILE = YES;
				IPHONEOS_DEPLOYMENT_TARGET = 16.0;
				MARKETING_VERSION = 1.0;
				PRODUCT_BUNDLE_IDENTIFIER = org.friendlycashew.MeteoTests;
				PRODUCT_NAME = "$(TARGET_NAME)";
				SWIFT_EMIT_LOC_STRINGS = NO;
				SWIFT_VERSION = 5.0;
				TARGETED_DEVICE_FAMILY = "1,2";
				TEST_HOST = "$(BUILT_PRODUCTS_DIR)/Meteo.app/$(BUNDLE_EXECUTABLE_FOLDER_PATH)/Meteo";
			};
			name = Debug;
		};
		BB0546B129171D5A00B1C64E /* Release */ = {
			isa = XCBuildConfiguration;
			buildSettings = {
				ALWAYS_EMBED_SWIFT_STANDARD_LIBRARIES = YES;
				BUNDLE_LOADER = "$(TEST_HOST)";
				CODE_SIGN_STYLE = Automatic;
				CURRENT_PROJECT_VERSION = 1;
				DEVELOPMENT_TEAM = 8VVPRBT472;
				GENERATE_INFOPLIST_FILE = YES;
				IPHONEOS_DEPLOYMENT_TARGET = 16.0;
				MARKETING_VERSION = 1.0;
				PRODUCT_BUNDLE_IDENTIFIER = org.friendlycashew.MeteoTests;
				PRODUCT_NAME = "$(TARGET_NAME)";
				SWIFT_EMIT_LOC_STRINGS = NO;
				SWIFT_VERSION = 5.0;
				TARGETED_DEVICE_FAMILY = "1,2";
				TEST_HOST = "$(BUILT_PRODUCTS_DIR)/Meteo.app/$(BUNDLE_EXECUTABLE_FOLDER_PATH)/Meteo";
			};
			name = Release;
		};
		BB0546B329171D5A00B1C64E /* Debug */ = {
			isa = XCBuildConfiguration;
			buildSettings = {
				ALWAYS_EMBED_SWIFT_STANDARD_LIBRARIES = YES;
				CODE_SIGN_STYLE = Automatic;
				CURRENT_PROJECT_VERSION = 1;
				DEVELOPMENT_TEAM = 8VVPRBT472;
				GENERATE_INFOPLIST_FILE = YES;
				MARKETING_VERSION = 1.0;
				PRODUCT_BUNDLE_IDENTIFIER = org.friendlycashew.MeteoUITests;
				PRODUCT_NAME = "$(TARGET_NAME)";
				SWIFT_EMIT_LOC_STRINGS = NO;
				SWIFT_VERSION = 5.0;
				TARGETED_DEVICE_FAMILY = "1,2";
				TEST_TARGET_NAME = Meteo;
			};
			name = Debug;
		};
		BB0546B429171D5A00B1C64E /* Release */ = {
			isa = XCBuildConfiguration;
			buildSettings = {
				ALWAYS_EMBED_SWIFT_STANDARD_LIBRARIES = YES;
				CODE_SIGN_STYLE = Automatic;
				CURRENT_PROJECT_VERSION = 1;
				DEVELOPMENT_TEAM = 8VVPRBT472;
				GENERATE_INFOPLIST_FILE = YES;
				MARKETING_VERSION = 1.0;
				PRODUCT_BUNDLE_IDENTIFIER = org.friendlycashew.MeteoUITests;
				PRODUCT_NAME = "$(TARGET_NAME)";
				SWIFT_EMIT_LOC_STRINGS = NO;
				SWIFT_VERSION = 5.0;
				TARGETED_DEVICE_FAMILY = "1,2";
				TEST_TARGET_NAME = Meteo;
			};
			name = Release;
		};
/* End XCBuildConfiguration section */

/* Begin XCConfigurationList section */
		BB05467D29171D5900B1C64E /* Build configuration list for PBXProject "Meteo" */ = {
			isa = XCConfigurationList;
			buildConfigurations = (
				BB0546AA29171D5A00B1C64E /* Debug */,
				BB0546AB29171D5A00B1C64E /* Release */,
			);
			defaultConfigurationIsVisible = 0;
			defaultConfigurationName = Release;
		};
		BB0546AC29171D5A00B1C64E /* Build configuration list for PBXNativeTarget "Meteo" */ = {
			isa = XCConfigurationList;
			buildConfigurations = (
				BB0546AD29171D5A00B1C64E /* Debug */,
				BB0546AE29171D5A00B1C64E /* Release */,
			);
			defaultConfigurationIsVisible = 0;
			defaultConfigurationName = Release;
		};
		BB0546AF29171D5A00B1C64E /* Build configuration list for PBXNativeTarget "MeteoTests" */ = {
			isa = XCConfigurationList;
			buildConfigurations = (
				BB0546B029171D5A00B1C64E /* Debug */,
				BB0546B129171D5A00B1C64E /* Release */,
			);
			defaultConfigurationIsVisible = 0;
			defaultConfigurationName = Release;
		};
		BB0546B229171D5A00B1C64E /* Build configuration list for PBXNativeTarget "MeteoUITests" */ = {
			isa = XCConfigurationList;
			buildConfigurations = (
				BB0546B329171D5A00B1C64E /* Debug */,
				BB0546B429171D5A00B1C64E /* Release */,
			);
			defaultConfigurationIsVisible = 0;
			defaultConfigurationName = Release;
		};
/* End XCConfigurationList section */

/* Begin XCRemoteSwiftPackageReference section */
		BBFC1306291730AF00955ABE /* XCRemoteSwiftPackageReference "openweather-swift-sdk" */ = {
			isa = XCRemoteSwiftPackageReference;
			repositoryURL = "git@github.com:friendlycashew/openweather-swift-sdk.git";
			requirement = {
				kind = upToNextMajorVersion;
				minimumVersion = 0.3.3;
			};
		};
/* End XCRemoteSwiftPackageReference section */

/* Begin XCSwiftPackageProductDependency section */
		BBFC1307291730AF00955ABE /* OpenWeather */ = {
			isa = XCSwiftPackageProductDependency;
			package = BBFC1306291730AF00955ABE /* XCRemoteSwiftPackageReference "openweather-swift-sdk" */;
			productName = OpenWeather;
		};
/* End XCSwiftPackageProductDependency section */
	};
	rootObject = BB05467A29171D5900B1C64E /* Project object */;
}
