{
  "pins" : [
    {
      "identity" : "openweather-swift-sdk",
      "kind" : "remoteSourceControl",
      "location" : "git@github.com:friendlycashew/openweather-swift-sdk.git",
      "state" : {
        "revision" : "a11a0c023b0442e29e0ddffd361610d2f07cb8dc",
        "version" : "0.3.3"
      }
    }
  ],
  "version" : 2
}
